// !$*UTF8*$!
{
	archiveVersion = 1;
	classes = {
	};
	objectVersion = 50;
	objects = {

/* Begin PBXBuildFile section */
		37DB6AA0232CF3170029A291 /* AppDelegate.swift in Sources */ = {isa = PBXBuildFile; fileRef = 37DB6A9F232CF3170029A291 /* AppDelegate.swift */; };
		37DB6AA2232CF3170029A291 /* SceneDelegate.swift in Sources */ = {isa = PBXBuildFile; fileRef = 37DB6AA1232CF3170029A291 /* SceneDelegate.swift */; };
		37DB6AA4232CF3170029A291 /* ViewController.swift in Sources */ = {isa = PBXBuildFile; fileRef = 37DB6AA3232CF3170029A291 /* ViewController.swift */; };
		37DB6AA7232CF3170029A291 /* Main.storyboard in Resources */ = {isa = PBXBuildFile; fileRef = 37DB6AA5232CF3170029A291 /* Main.storyboard */; };
		37DB6AA9232CF3190029A291 /* Assets.xcassets in Resources */ = {isa = PBXBuildFile; fileRef = 37DB6AA8232CF3190029A291 /* Assets.xcassets */; };
		37DB6AAC232CF3190029A291 /* LaunchScreen.storyboard in Resources */ = {isa = PBXBuildFile; fileRef = 37DB6AAA232CF3190029A291 /* LaunchScreen.storyboard */; };
		37DB6AB7232CF3190029A291 /* BirthdayNoteTakerTests.swift in Sources */ = {isa = PBXBuildFile; fileRef = 37DB6AB6232CF3190029A291 /* BirthdayNoteTakerTests.swift */; };
		37DB6AC2232CF3190029A291 /* BirthdayNoteTakerUITests.swift in Sources */ = {isa = PBXBuildFile; fileRef = 37DB6AC1232CF3190029A291 /* BirthdayNoteTakerUITests.swift */; };
/* End PBXBuildFile section */

/* Begin PBXContainerItemProxy section */
		37DB6AB3232CF3190029A291 /* PBXContainerItemProxy */ = {
			isa = PBXContainerItemProxy;
			containerPortal = 37DB6A94232CF3170029A291 /* Project object */;
			proxyType = 1;
			remoteGlobalIDString = 37DB6A9B232CF3170029A291;
			remoteInfo = BirthdayNoteTaker;
		};
		37DB6ABE232CF3190029A291 /* PBXContainerItemProxy */ = {
			isa = PBXContainerItemProxy;
			containerPortal = 37DB6A94232CF3170029A291 /* Project object */;
			proxyType = 1;
			remoteGlobalIDString = 37DB6A9B232CF3170029A291;
			remoteInfo = BirthdayNoteTaker;
		};
/* End PBXContainerItemProxy section */

/* Begin PBXFileReference section */
		37DB6A9C232CF3170029A291 /* BirthdayNoteTaker.app */ = {isa = PBXFileReference; explicitFileType = wrapper.application; includeInIndex = 0; path = BirthdayNoteTaker.app; sourceTree = BUILT_PRODUCTS_DIR; };
		37DB6A9F232CF3170029A291 /* AppDelegate.swift */ = {isa = PBXFileReference; lastKnownFileType = sourcecode.swift; path = AppDelegate.swift; sourceTree = "<group>"; };
		37DB6AA1232CF3170029A291 /* SceneDelegate.swift */ = {isa = PBXFileReference; lastKnownFileType = sourcecode.swift; path = SceneDelegate.swift; sourceTree = "<group>"; };
		37DB6AA3232CF3170029A291 /* ViewController.swift */ = {isa = PBXFileReference; lastKnownFileType = sourcecode.swift; path = ViewController.swift; sourceTree = "<group>"; };
		37DB6AA6232CF3170029A291 /* Base */ = {isa = PBXFileReference; lastKnownFileType = file.storyboard; name = Base; path = Base.lproj/Main.storyboard; sourceTree = "<group>"; };
		37DB6AA8232CF3190029A291 /* Assets.xcassets */ = {isa = PBXFileReference; lastKnownFileType = folder.assetcatalog; path = Assets.xcassets; sourceTree = "<group>"; };
		37DB6AAB232CF3190029A291 /* Base */ = {isa = PBXFileReference; lastKnownFileType = file.storyboard; name = Base; path = Base.lproj/LaunchScreen.storyboard; sourceTree = "<group>"; };
		37DB6AAD232CF3190029A291 /* Info.plist */ = {isa = PBXFileReference; lastKnownFileType = text.plist.xml; path = Info.plist; sourceTree = "<group>"; };
		37DB6AB2232CF3190029A291 /* BirthdayNoteTakerTests.xctest */ = {isa = PBXFileReference; explicitFileType = wrapper.cfbundle; includeInIndex = 0; path = BirthdayNoteTakerTests.xctest; sourceTree = BUILT_PRODUCTS_DIR; };
		37DB6AB6232CF3190029A291 /* BirthdayNoteTakerTests.swift */ = {isa = PBXFileReference; lastKnownFileType = sourcecode.swift; path = BirthdayNoteTakerTests.swift; sourceTree = "<group>"; };
		37DB6AB8232CF3190029A291 /* Info.plist */ = {isa = PBXFileReference; lastKnownFileType = text.plist.xml; path = Info.plist; sourceTree = "<group>"; };
		37DB6ABD232CF3190029A291 /* BirthdayNoteTakerUITests.xctest */ = {isa = PBXFileReference; explicitFileType = wrapper.cfbundle; includeInIndex = 0; path = BirthdayNoteTakerUITests.xctest; sourceTree = BUILT_PRODUCTS_DIR; };
		37DB6AC1232CF3190029A291 /* BirthdayNoteTakerUITests.swift */ = {isa = PBXFileReference; lastKnownFileType = sourcecode.swift; path = BirthdayNoteTakerUITests.swift; sourceTree = "<group>"; };
		37DB6AC3232CF3190029A291 /* Info.plist */ = {isa = PBXFileReference; lastKnownFileType = text.plist.xml; path = Info.plist; sourceTree = "<group>"; };
/* End PBXFileReference section */

/* Begin PBXFrameworksBuildPhase section */
		37DB6A99232CF3170029A291 /* Frameworks */ = {
			isa = PBXFrameworksBuildPhase;
			buildActionMask = 2147483647;
			files = (
			);
			runOnlyForDeploymentPostprocessing = 0;
		};
		37DB6AAF232CF3190029A291 /* Frameworks */ = {
			isa = PBXFrameworksBuildPhase;
			buildActionMask = 2147483647;
			files = (
			);
			runOnlyForDeploymentPostprocessing = 0;
		};
		37DB6ABA232CF3190029A291 /* Frameworks */ = {
			isa = PBXFrameworksBuildPhase;
			buildActionMask = 2147483647;
			files = (
			);
			runOnlyForDeploymentPostprocessing = 0;
		};
/* End PBXFrameworksBuildPhase section */

/* Begin PBXGroup section */
		37DB6A93232CF3170029A291 = {
			isa = PBXGroup;
			children = (
				37DB6A9E232CF3170029A291 /* BirthdayNoteTaker */,
				37DB6AB5232CF3190029A291 /* BirthdayNoteTakerTests */,
				37DB6AC0232CF3190029A291 /* BirthdayNoteTakerUITests */,
				37DB6A9D232CF3170029A291 /* Products */,
			);
			sourceTree = "<group>";
		};
		37DB6A9D232CF3170029A291 /* Products */ = {
			isa = PBXGroup;
			children = (
				37DB6A9C232CF3170029A291 /* BirthdayNoteTaker.app */,
				37DB6AB2232CF3190029A291 /* BirthdayNoteTakerTests.xctest */,
				37DB6ABD232CF3190029A291 /* BirthdayNoteTakerUITests.xctest */,
			);
			name = Products;
			sourceTree = "<group>";
		};
		37DB6A9E232CF3170029A291 /* BirthdayNoteTaker */ = {
			isa = PBXGroup;
			children = (
				37DB6A9F232CF3170029A291 /* AppDelegate.swift */,
				37DB6AA1232CF3170029A291 /* SceneDelegate.swift */,
				37DB6AA3232CF3170029A291 /* ViewController.swift */,
				37DB6AA5232CF3170029A291 /* Main.storyboard */,
				37DB6AA8232CF3190029A291 /* Assets.xcassets */,
				37DB6AAA232CF3190029A291 /* LaunchScreen.storyboard */,
				37DB6AAD232CF3190029A291 /* Info.plist */,
			);
			path = BirthdayNoteTaker;
			sourceTree = "<group>";
		};
		37DB6AB5232CF3190029A291 /* BirthdayNoteTakerTests */ = {
			isa = PBXGroup;
			children = (
				37DB6AB6232CF3190029A291 /* BirthdayNoteTakerTests.swift */,
				37DB6AB8232CF3190029A291 /* Info.plist */,
			);
			path = BirthdayNoteTakerTests;
			sourceTree = "<group>";
		};
		37DB6AC0232CF3190029A291 /* BirthdayNoteTakerUITests */ = {
			isa = PBXGroup;
			children = (
				37DB6AC1232CF3190029A291 /* BirthdayNoteTakerUITests.swift */,
				37DB6AC3232CF3190029A291 /* Info.plist */,
			);
			path = BirthdayNoteTakerUITests;
			sourceTree = "<group>";
		};
/* End PBXGroup section */

/* Begin PBXNativeTarget section */
		37DB6A9B232CF3170029A291 /* BirthdayNoteTaker */ = {
			isa = PBXNativeTarget;
			buildConfigurationList = 37DB6AC6232CF3190029A291 /* Build configuration list for PBXNativeTarget "BirthdayNoteTaker" */;
			buildPhases = (
				37DB6A98232CF3170029A291 /* Sources */,
				37DB6A99232CF3170029A291 /* Frameworks */,
				37DB6A9A232CF3170029A291 /* Resources */,
			);
			buildRules = (
			);
			dependencies = (
			);
			name = BirthdayNoteTaker;
			productName = BirthdayNoteTaker;
			productReference = 37DB6A9C232CF3170029A291 /* BirthdayNoteTaker.app */;
			productType = "com.apple.product-type.application";
		};
		37DB6AB1232CF3190029A291 /* BirthdayNoteTakerTests */ = {
			isa = PBXNativeTarget;
			buildConfigurationList = 37DB6AC9232CF3190029A291 /* Build configuration list for PBXNativeTarget "BirthdayNoteTakerTests" */;
			buildPhases = (
				37DB6AAE232CF3190029A291 /* Sources */,
				37DB6AAF232CF3190029A291 /* Frameworks */,
				37DB6AB0232CF3190029A291 /* Resources */,
			);
			buildRules = (
			);
			dependencies = (
				37DB6AB4232CF3190029A291 /* PBXTargetDependency */,
			);
			name = BirthdayNoteTakerTests;
			productName = BirthdayNoteTakerTests;
			productReference = 37DB6AB2232CF3190029A291 /* BirthdayNoteTakerTests.xctest */;
			productType = "com.apple.product-type.bundle.unit-test";
		};
		37DB6ABC232CF3190029A291 /* BirthdayNoteTakerUITests */ = {
			isa = PBXNativeTarget;
			buildConfigurationList = 37DB6ACC232CF3190029A291 /* Build configuration list for PBXNativeTarget "BirthdayNoteTakerUITests" */;
			buildPhases = (
				37DB6AB9232CF3190029A291 /* Sources */,
				37DB6ABA232CF3190029A291 /* Frameworks */,
				37DB6ABB232CF3190029A291 /* Resources */,
			);
			buildRules = (
			);
			dependencies = (
				37DB6ABF232CF3190029A291 /* PBXTargetDependency */,
			);
			name = BirthdayNoteTakerUITests;
			productName = BirthdayNoteTakerUITests;
			productReference = 37DB6ABD232CF3190029A291 /* BirthdayNoteTakerUITests.xctest */;
			productType = "com.apple.product-type.bundle.ui-testing";
		};
/* End PBXNativeTarget section */

/* Begin PBXProject section */
		37DB6A94232CF3170029A291 /* Project object */ = {
			isa = PBXProject;
			attributes = {
				LastSwiftUpdateCheck = 1100;
				LastUpgradeCheck = 1100;
				ORGANIZATIONNAME = "AAJM van Montfort";
				TargetAttributes = {
					37DB6A9B232CF3170029A291 = {
						CreatedOnToolsVersion = 11.0;
					};
					37DB6AB1232CF3190029A291 = {
						CreatedOnToolsVersion = 11.0;
						TestTargetID = 37DB6A9B232CF3170029A291;
					};
					37DB6ABC232CF3190029A291 = {
						CreatedOnToolsVersion = 11.0;
						TestTargetID = 37DB6A9B232CF3170029A291;
					};
				};
			};
			buildConfigurationList = 37DB6A97232CF3170029A291 /* Build configuration list for PBXProject "BirthdayNoteTaker" */;
			compatibilityVersion = "Xcode 9.3";
			developmentRegion = en;
			hasScannedForEncodings = 0;
			knownRegions = (
				en,
				Base,
			);
			mainGroup = 37DB6A93232CF3170029A291;
			productRefGroup = 37DB6A9D232CF3170029A291 /* Products */;
			projectDirPath = "";
			projectRoot = "";
			targets = (
				37DB6A9B232CF3170029A291 /* BirthdayNoteTaker */,
				37DB6AB1232CF3190029A291 /* BirthdayNoteTakerTests */,
				37DB6ABC232CF3190029A291 /* BirthdayNoteTakerUITests */,
			);
		};
/* End PBXProject section */

/* Begin PBXResourcesBuildPhase section */
		37DB6A9A232CF3170029A291 /* Resources */ = {
			isa = PBXResourcesBuildPhase;
			buildActionMask = 2147483647;
			files = (
				37DB6AAC232CF3190029A291 /* LaunchScreen.storyboard in Resources */,
				37DB6AA9232CF3190029A291 /* Assets.xcassets in Resources */,
				37DB6AA7232CF3170029A291 /* Main.storyboard in Resources */,
			);
			runOnlyForDeploymentPostprocessing = 0;
		};
		37DB6AB0232CF3190029A291 /* Resources */ = {
			isa = PBXResourcesBuildPhase;
			buildActionMask = 2147483647;
			files = (
			);
			runOnlyForDeploymentPostprocessing = 0;
		};
		37DB6ABB232CF3190029A291 /* Resources */ = {
			isa = PBXResourcesBuildPhase;
			buildActionMask = 2147483647;
			files = (
			);
			runOnlyForDeploymentPostprocessing = 0;
		};
/* End PBXResourcesBuildPhase section */

/* Begin PBXSourcesBuildPhase section */
		37DB6A98232CF3170029A291 /* Sources */ = {
			isa = PBXSourcesBuildPhase;
			buildActionMask = 2147483647;
			files = (
				37DB6AA4232CF3170029A291 /* ViewController.swift in Sources */,
				37DB6AA0232CF3170029A291 /* AppDelegate.swift in Sources */,
				37DB6AA2232CF3170029A291 /* SceneDelegate.swift in Sources */,
			);
			runOnlyForDeploymentPostprocessing = 0;
		};
		37DB6AAE232CF3190029A291 /* Sources */ = {
			isa = PBXSourcesBuildPhase;
			buildActionMask = 2147483647;
			files = (
				37DB6AB7232CF3190029A291 /* BirthdayNoteTakerTests.swift in Sources */,
			);
			runOnlyForDeploymentPostprocessing = 0;
		};
		37DB6AB9232CF3190029A291 /* Sources */ = {
			isa = PBXSourcesBuildPhase;
			buildActionMask = 2147483647;
			files = (
				37DB6AC2232CF3190029A291 /* BirthdayNoteTakerUITests.swift in Sources */,
			);
			runOnlyForDeploymentPostprocessing = 0;
		};
/* End PBXSourcesBuildPhase section */

/* Begin PBXTargetDependency section */
		37DB6AB4232CF3190029A291 /* PBXTargetDependency */ = {
			isa = PBXTargetDependency;
			target = 37DB6A9B232CF3170029A291 /* BirthdayNoteTaker */;
			targetProxy = 37DB6AB3232CF3190029A291 /* PBXContainerItemProxy */;
		};
		37DB6ABF232CF3190029A291 /* PBXTargetDependency */ = {
			isa = PBXTargetDependency;
			target = 37DB6A9B232CF3170029A291 /* BirthdayNoteTaker */;
			targetProxy = 37DB6ABE232CF3190029A291 /* PBXContainerItemProxy */;
		};
/* End PBXTargetDependency section */

/* Begin PBXVariantGroup section */
		37DB6AA5232CF3170029A291 /* Main.storyboard */ = {
			isa = PBXVariantGroup;
			children = (
				37DB6AA6232CF3170029A291 /* Base */,
			);
			name = Main.storyboard;
			sourceTree = "<group>";
		};
		37DB6AAA232CF3190029A291 /* LaunchScreen.storyboard */ = {
			isa = PBXVariantGroup;
			children = (
				37DB6AAB232CF3190029A291 /* Base */,
			);
			name = LaunchScreen.storyboard;
			sourceTree = "<group>";
		};
/* End PBXVariantGroup section */

/* Begin XCBuildConfiguration section */
		37DB6AC4232CF3190029A291 /* Debug */ = {
			isa = XCBuildConfiguration;
			buildSettings = {
				ALWAYS_SEARCH_USER_PATHS = NO;
				CLANG_ANALYZER_NONNULL = YES;
				CLANG_ANALYZER_NUMBER_OBJECT_CONVERSION = YES_AGGRESSIVE;
				CLANG_CXX_LANGUAGE_STANDARD = "gnu++14";
				CLANG_CXX_LIBRARY = "libc++";
				CLANG_ENABLE_MODULES = YES;
				CLANG_ENABLE_OBJC_ARC = YES;
				CLANG_ENABLE_OBJC_WEAK = YES;
				CLANG_WARN_BLOCK_CAPTURE_AUTORELEASING = YES;
				CLANG_WARN_BOOL_CONVERSION = YES;
				CLANG_WARN_COMMA = YES;
				CLANG_WARN_CONSTANT_CONVERSION = YES;
				CLANG_WARN_DEPRECATED_OBJC_IMPLEMENTATIONS = YES;
				CLANG_WARN_DIRECT_OBJC_ISA_USAGE = YES_ERROR;
				CLANG_WARN_DOCUMENTATION_COMMENTS = YES;
				CLANG_WARN_EMPTY_BODY = YES;
				CLANG_WARN_ENUM_CONVERSION = YES;
				CLANG_WARN_INFINITE_RECURSION = YES;
				CLANG_WARN_INT_CONVERSION = YES;
				CLANG_WARN_NON_LITERAL_NULL_CONVERSION = YES;
				CLANG_WARN_OBJC_IMPLICIT_RETAIN_SELF = YES;
				CLANG_WARN_OBJC_LITERAL_CONVERSION = YES;
				CLANG_WARN_OBJC_ROOT_CLASS = YES_ERROR;
				CLANG_WARN_RANGE_LOOP_ANALYSIS = YES;
				CLANG_WARN_STRICT_PROTOTYPES = YES;
				CLANG_WARN_SUSPICIOUS_MOVE = YES;
				CLANG_WARN_UNGUARDED_AVAILABILITY = YES_AGGRESSIVE;
				CLANG_WARN_UNREACHABLE_CODE = YES;
				CLANG_WARN__DUPLICATE_METHOD_MATCH = YES;
				COPY_PHASE_STRIP = NO;
				DEBUG_INFORMATION_FORMAT = dwarf;
				ENABLE_STRICT_OBJC_MSGSEND = YES;
				ENABLE_TESTABILITY = YES;
				GCC_C_LANGUAGE_STANDARD = gnu11;
				GCC_DYNAMIC_NO_PIC = NO;
				GCC_NO_COMMON_BLOCKS = YES;
				GCC_OPTIMIZATION_LEVEL = 0;
				GCC_PREPROCESSOR_DEFINITIONS = (
					"DEBUG=1",
					"$(inherited)",
				);
				GCC_WARN_64_TO_32_BIT_CONVERSION = YES;
				GCC_WARN_ABOUT_RETURN_TYPE = YES_ERROR;
				GCC_WARN_UNDECLARED_SELECTOR = YES;
				GCC_WARN_UNINITIALIZED_AUTOS = YES_AGGRESSIVE;
				GCC_WARN_UNUSED_FUNCTION = YES;
				GCC_WARN_UNUSED_VARIABLE = YES;
				IPHONEOS_DEPLOYMENT_TARGET = 13.0;
				MTL_ENABLE_DEBUG_INFO = INCLUDE_SOURCE;
				MTL_FAST_MATH = YES;
				ONLY_ACTIVE_ARCH = YES;
				SDKROOT = iphoneos;
				SWIFT_ACTIVE_COMPILATION_CONDITIONS = DEBUG;
				SWIFT_OPTIMIZATION_LEVEL = "-Onone";
			};
			name = Debug;
		};
		37DB6AC5232CF3190029A291 /* Release */ = {
			isa = XCBuildConfiguration;
			buildSettings = {
				ALWAYS_SEARCH_USER_PATHS = NO;
				CLANG_ANALYZER_NONNULL = YES;
				CLANG_ANALYZER_NUMBER_OBJECT_CONVERSION = YES_AGGRESSIVE;
				CLANG_CXX_LANGUAGE_STANDARD = "gnu++14";
				CLANG_CXX_LIBRARY = "libc++";
				CLANG_ENABLE_MODULES = YES;
				CLANG_ENABLE_OBJC_ARC = YES;
				CLANG_ENABLE_OBJC_WEAK = YES;
				CLANG_WARN_BLOCK_CAPTURE_AUTORELEASING = YES;
				CLANG_WARN_BOOL_CONVERSION = YES;
				CLANG_WARN_COMMA = YES;
				CLANG_WARN_CONSTANT_CONVERSION = YES;
				CLANG_WARN_DEPRECATED_OBJC_IMPLEMENTATIONS = YES;
				CLANG_WARN_DIRECT_OBJC_ISA_USAGE = YES_ERROR;
				CLANG_WARN_DOCUMENTATION_COMMENTS = YES;
				CLANG_WARN_EMPTY_BODY = YES;
				CLANG_WARN_ENUM_CONVERSION = YES;
				CLANG_WARN_INFINITE_RECURSION = YES;
				CLANG_WARN_INT_CONVERSION = YES;
				CLANG_WARN_NON_LITERAL_NULL_CONVERSION = YES;
				CLANG_WARN_OBJC_IMPLICIT_RETAIN_SELF = YES;
				CLANG_WARN_OBJC_LITERAL_CONVERSION = YES;
				CLANG_WARN_OBJC_ROOT_CLASS = YES_ERROR;
				CLANG_WARN_RANGE_LOOP_ANALYSIS = YES;
				CLANG_WARN_STRICT_PROTOTYPES = YES;
				CLANG_WARN_SUSPICIOUS_MOVE = YES;
				CLANG_WARN_UNGUARDED_AVAILABILITY = YES_AGGRESSIVE;
				CLANG_WARN_UNREACHABLE_CODE = YES;
				CLANG_WARN__DUPLICATE_METHOD_MATCH = YES;
				COPY_PHASE_STRIP = NO;
				DEBUG_INFORMATION_FORMAT = "dwarf-with-dsym";
				ENABLE_NS_ASSERTIONS = NO;
				ENABLE_STRICT_OBJC_MSGSEND = YES;
				GCC_C_LANGUAGE_STANDARD = gnu11;
				GCC_NO_COMMON_BLOCKS = YES;
				GCC_WARN_64_TO_32_BIT_CONVERSION = YES;
				GCC_WARN_ABOUT_RETURN_TYPE = YES_ERROR;
				GCC_WARN_UNDECLARED_SELECTOR = YES;
				GCC_WARN_UNINITIALIZED_AUTOS = YES_AGGRESSIVE;
				GCC_WARN_UNUSED_FUNCTION = YES;
				GCC_WARN_UNUSED_VARIABLE = YES;
				IPHONEOS_DEPLOYMENT_TARGET = 13.0;
				MTL_ENABLE_DEBUG_INFO = NO;
				MTL_FAST_MATH = YES;
				SDKROOT = iphoneos;
				SWIFT_COMPILATION_MODE = wholemodule;
				SWIFT_OPTIMIZATION_LEVEL = "-O";
				VALIDATE_PRODUCT = YES;
			};
			name = Release;
		};
		37DB6AC7232CF3190029A291 /* Debug */ = {
			isa = XCBuildConfiguration;
			buildSettings = {
				ASSETCATALOG_COMPILER_APPICON_NAME = AppIcon;
				CODE_SIGN_STYLE = Automatic;
				DEVELOPMENT_TEAM = M63MTMH786;
				INFOPLIST_FILE = BirthdayNoteTaker/Info.plist;
				LD_RUNPATH_SEARCH_PATHS = (
					"$(inherited)",
					"@executable_path/Frameworks",
				);
				PRODUCT_BUNDLE_IDENTIFIER = "AAJM-van-Montfort.BirthdayNoteTaker";
				PRODUCT_NAME = "$(TARGET_NAME)";
				SWIFT_VERSION = 5.0;
				TARGETED_DEVICE_FAMILY = "1,2";
			};
			name = Debug;
		};
		37DB6AC8232CF3190029A291 /* Release */ = {
			isa = XCBuildConfiguration;
			buildSettings = {
				ASSETCATALOG_COMPILER_APPICON_NAME = AppIcon;
				CODE_SIGN_STYLE = Automatic;
				DEVELOPMENT_TEAM = M63MTMH786;
				INFOPLIST_FILE = BirthdayNoteTaker/Info.plist;
				LD_RUNPATH_SEARCH_PATHS = (
					"$(inherited)",
					"@executable_path/Frameworks",
				);
				PRODUCT_BUNDLE_IDENTIFIER = "AAJM-van-Montfort.BirthdayNoteTaker";
				PRODUCT_NAME = "$(TARGET_NAME)";
				SWIFT_VERSION = 5.0;
				TARGETED_DEVICE_FAMILY = "1,2";
			};
			name = Release;
		};
		37DB6ACA232CF3190029A291 /* Debug */ = {
			isa = XCBuildConfiguration;
			buildSettings = {
				ALWAYS_EMBED_SWIFT_STANDARD_LIBRARIES = YES;
				BUNDLE_LOADER = "$(TEST_HOST)";
				CODE_SIGN_STYLE = Automatic;
				DEVELOPMENT_TEAM = M63MTMH786;
				INFOPLIST_FILE = BirthdayNoteTakerTests/Info.plist;
				IPHONEOS_DEPLOYMENT_TARGET = 13.0;
				LD_RUNPATH_SEARCH_PATHS = (
					"$(inherited)",
					"@executable_path/Frameworks",
					"@loader_path/Frameworks",
				);
				PRODUCT_BUNDLE_IDENTIFIER = "AAJM-van-Montfort.BirthdayNoteTakerTests";
				PRODUCT_NAME = "$(TARGET_NAME)";
				SWIFT_VERSION = 5.0;
				TARGETED_DEVICE_FAMILY = "1,2";
				TEST_HOST = "$(BUILT_PRODUCTS_DIR)/BirthdayNoteTaker.app/BirthdayNoteTaker";
			};
			name = Debug;
		};
		37DB6ACB232CF3190029A291 /* Release */ = {
			isa = XCBuildConfiguration;
			buildSettings = {
				ALWAYS_EMBED_SWIFT_STANDARD_LIBRARIES = YES;
				BUNDLE_LOADER = "$(TEST_HOST)";
				CODE_SIGN_STYLE = Automatic;
				DEVELOPMENT_TEAM = M63MTMH786;
				INFOPLIST_FILE = BirthdayNoteTakerTests/Info.plist;
				IPHONEOS_DEPLOYMENT_TARGET = 13.0;
				LD_RUNPATH_SEARCH_PATHS = (
					"$(inherited)",
					"@executable_path/Frameworks",
					"@loader_path/Frameworks",
				);
				PRODUCT_BUNDLE_IDENTIFIER = "AAJM-van-Montfort.BirthdayNoteTakerTests";
				PRODUCT_NAME = "$(TARGET_NAME)";
				SWIFT_VERSION = 5.0;
				TARGETED_DEVICE_FAMILY = "1,2";
				TEST_HOST = "$(BUILT_PRODUCTS_DIR)/BirthdayNoteTaker.app/BirthdayNoteTaker";
			};
			name = Release;
		};
		37DB6ACD232CF3190029A291 /* Debug */ = {
			isa = XCBuildConfiguration;
			buildSettings = {
				ALWAYS_EMBED_SWIFT_STANDARD_LIBRARIES = YES;
				CODE_SIGN_STYLE = Automatic;
				DEVELOPMENT_TEAM = M63MTMH786;
				INFOPLIST_FILE = BirthdayNoteTakerUITests/Info.plist;
				LD_RUNPATH_SEARCH_PATHS = (
					"$(inherited)",
					"@executable_path/Frameworks",
					"@loader_path/Frameworks",
				);
				PRODUCT_BUNDLE_IDENTIFIER = "AAJM-van-Montfort.BirthdayNoteTakerUITests";
				PRODUCT_NAME = "$(TARGET_NAME)";
				SWIFT_VERSION = 5.0;
				TARGETED_DEVICE_FAMILY = "1,2";
				TEST_TARGET_NAME = BirthdayNoteTaker;
			};
			name = Debug;
		};
		37DB6ACE232CF3190029A291 /* Release */ = {
			isa = XCBuildConfiguration;
			buildSettings = {
				ALWAYS_EMBED_SWIFT_STANDARD_LIBRARIES = YES;
				CODE_SIGN_STYLE = Automatic;
				DEVELOPMENT_TEAM = M63MTMH786;
				INFOPLIST_FILE = BirthdayNoteTakerUITests/Info.plist;
				LD_RUNPATH_SEARCH_PATHS = (
					"$(inherited)",
					"@executable_path/Frameworks",
					"@loader_path/Frameworks",
				);
				PRODUCT_BUNDLE_IDENTIFIER = "AAJM-van-Montfort.BirthdayNoteTakerUITests";
				PRODUCT_NAME = "$(TARGET_NAME)";
				SWIFT_VERSION = 5.0;
				TARGETED_DEVICE_FAMILY = "1,2";
				TEST_TARGET_NAME = BirthdayNoteTaker;
			};
			name = Release;
		};
/* End XCBuildConfiguration section */

/* Begin XCConfigurationList section */
		37DB6A97232CF3170029A291 /* Build configuration list for PBXProject "BirthdayNoteTaker" */ = {
			isa = XCConfigurationList;
			buildConfigurations = (
				37DB6AC4232CF3190029A291 /* Debug */,
				37DB6AC5232CF3190029A291 /* Release */,
			);
			defaultConfigurationIsVisible = 0;
			defaultConfigurationName = Release;
		};
		37DB6AC6232CF3190029A291 /* Build configuration list for PBXNativeTarget "BirthdayNoteTaker" */ = {
			isa = XCConfigurationList;
			buildConfigurations = (
				37DB6AC7232CF3190029A291 /* Debug */,
				37DB6AC8232CF3190029A291 /* Release */,
			);
			defaultConfigurationIsVisible = 0;
			defaultConfigurationName = Release;
		};
		37DB6AC9232CF3190029A291 /* Build configuration list for PBXNativeTarget "BirthdayNoteTakerTests" */ = {
			isa = XCConfigurationList;
			buildConfigurations = (
				37DB6ACA232CF3190029A291 /* Debug */,
				37DB6ACB232CF3190029A291 /* Release */,
			);
			defaultConfigurationIsVisible = 0;
			defaultConfigurationName = Release;
		};
		37DB6ACC232CF3190029A291 /* Build configuration list for PBXNativeTarget "BirthdayNoteTakerUITests" */ = {
			isa = XCConfigurationList;
			buildConfigurations = (
				37DB6ACD232CF3190029A291 /* Debug */,
				37DB6ACE232CF3190029A291 /* Release */,
			);
			defaultConfigurationIsVisible = 0;
			defaultConfigurationName = Release;
		};
/* End XCConfigurationList section */
	};
	rootObject = 37DB6A94232CF3170029A291 /* Project object */;
}
